
Microsoft Visual Studio Solution File, Format Version 12.00
# Visual Studio 15
VisualStudioVersion = 15.0.33026.149
MinimumVisualStudioVersion = 10.0.40219.1
Project("{F184B08F-C81C-45F6-A57F-5ABD9991F28F}") = "Hipotenusa", "Hipotenusa\Hipotenusa.vbproj", "{ECB35A6A-2D47-4DCE-9872-B87C2765F89F}"
EndProject
Global
	GlobalSection(SolutionConfigurationPlatforms) = preSolution
		Debug|Any CPU = Debug|Any CPU
		Release|Any CPU = Release|Any CPU
	EndGlobalSection
	GlobalSection(ProjectConfigurationPlatforms) = postSolution
		{ECB35A6A-2D47-4DCE-9872-B87C2765F89F}.Debug|Any CPU.ActiveCfg = Debug|Any CPU
		{ECB35A6A-2D47-4DCE-9872-B87C2765F89F}.Debug|Any CPU.Build.0 = Debug|Any CPU
		{ECB35A6A-2D47-4DCE-9872-B87C2765F89F}.Release|Any CPU.ActiveCfg = Release|Any CPU
		{ECB35A6A-2D47-4DCE-9872-B87C2765F89F}.Release|Any CPU.Build.0 = Release|Any CPU
	EndGlobalSection
	GlobalSection(SolutionProperties) = preSolution
		HideSolutionNode = FALSE
	EndGlobalSection
	GlobalSection(ExtensibilityGlobals) = postSolution
		SolutionGuid = {1BAE115A-52AF-4EB4-8D8D-C4EA25B00B17}
	EndGlobalSection
EndGlobal
